
Microsoft Visual Studio Solution File, Format Version 9.00
# Visual Studio 2005
Project("{FAE04EC0-301F-11D3-BF4B-00C04F79EFBC}") = "Migrator_2005", "app\core\Migrator_2005.csproj", "{1FEE70A4-AAD7-4C60-BE60-3F7DC03A8C4D}"
EndProject
Project("{FAE04EC0-301F-11D3-BF4B-00C04F79EFBC}") = "Migrator.Console_2005", "app\console\Migrator.Console_2005.csproj", "{FBE3A83A-D0F8-4D72-AF8D-9EF772569A31}"
EndProject
Project("{FAE04EC0-301F-11D3-BF4B-00C04F79EFBC}") = "Migrator.NAnt_2005", "app\nant\Migrator.NAnt_2005.csproj", "{CDD39DB7-C9C0-4ECA-AD36-1B4D0BF59101}"
EndProject
Project("{FAE04EC0-301F-11D3-BF4B-00C04F79EFBC}") = "Migrator.Tests_2005", "test\Migrator.Tests_2005.csproj", "{882B6A93-67B8-45BF-8636-5796B1B1CBF8}"
EndProject
Global
	GlobalSection(SolutionConfigurationPlatforms) = preSolution
		Debug|Any CPU = Debug|Any CPU
		Release|Any CPU = Release|Any CPU
	EndGlobalSection
	GlobalSection(ProjectConfigurationPlatforms) = postSolution
		{1FEE70A4-AAD7-4C60-BE60-3F7DC03A8C4D}.Debug|Any CPU.ActiveCfg = Debug|Any CPU
		{1FEE70A4-AAD7-4C60-BE60-3F7DC03A8C4D}.Debug|Any CPU.Build.0 = Debug|Any CPU
		{1FEE70A4-AAD7-4C60-BE60-3F7DC03A8C4D}.Release|Any CPU.ActiveCfg = Release|Any CPU
		{1FEE70A4-AAD7-4C60-BE60-3F7DC03A8C4D}.Release|Any CPU.Build.0 = Release|Any CPU
		{FBE3A83A-D0F8-4D72-AF8D-9EF772569A31}.Debug|Any CPU.ActiveCfg = Debug|Any CPU
		{FBE3A83A-D0F8-4D72-AF8D-9EF772569A31}.Debug|Any CPU.Build.0 = Debug|Any CPU
		{FBE3A83A-D0F8-4D72-AF8D-9EF772569A31}.Release|Any CPU.ActiveCfg = Release|Any CPU
		{FBE3A83A-D0F8-4D72-AF8D-9EF772569A31}.Release|Any CPU.Build.0 = Release|Any CPU
		{CDD39DB7-C9C0-4ECA-AD36-1B4D0BF59101}.Debug|Any CPU.ActiveCfg = Debug|Any CPU
		{CDD39DB7-C9C0-4ECA-AD36-1B4D0BF59101}.Debug|Any CPU.Build.0 = Debug|Any CPU
		{CDD39DB7-C9C0-4ECA-AD36-1B4D0BF59101}.Release|Any CPU.ActiveCfg = Release|Any CPU
		{CDD39DB7-C9C0-4ECA-AD36-1B4D0BF59101}.Release|Any CPU.Build.0 = Release|Any CPU
		{882B6A93-67B8-45BF-8636-5796B1B1CBF8}.Debug|Any CPU.ActiveCfg = Debug|Any CPU
		{882B6A93-67B8-45BF-8636-5796B1B1CBF8}.Debug|Any CPU.Build.0 = Debug|Any CPU
		{882B6A93-67B8-45BF-8636-5796B1B1CBF8}.Release|Any CPU.ActiveCfg = Release|Any CPU
		{882B6A93-67B8-45BF-8636-5796B1B1CBF8}.Release|Any CPU.Build.0 = Release|Any CPU
	EndGlobalSection
	GlobalSection(SolutionProperties) = preSolution
		HideSolutionNode = FALSE
	EndGlobalSection
EndGlobal
